
Microsoft Visual Studio Solution File, Format Version 12.00
# Visual Studio Version 17
VisualStudioVersion = 17.8.34322.80
MinimumVisualStudioVersion = 10.0.40219.1
Project("{8BC9CEB8-8B4A-11D0-8D11-00A0C91BC942}") = "Vered", "Vered\Vered.vcxproj", "{7B310908-803D-49DA-B5FC-83705D8A8202}"
EndProject
Global
	GlobalSection(SolutionConfigurationPlatforms) = preSolution
		Debug|x64 = Debug|x64
		Debug|x86 = Debug|x86
		Release|x64 = Release|x64
		Release|x86 = Release|x86
	EndGlobalSection
	GlobalSection(ProjectConfigurationPlatforms) = postSolution
		{7B310908-803D-49DA-B5FC-83705D8A8202}.Debug|x64.ActiveCfg = Debug|x64
		{7B310908-803D-49DA-B5FC-83705D8A8202}.Debug|x64.Build.0 = Debug|x64
		{7B310908-803D-49DA-B5FC-83705D8A8202}.Debug|x86.ActiveCfg = Debug|Win32
		{7B310908-803D-49DA-B5FC-83705D8A8202}.Debug|x86.Build.0 = Debug|Win32
		{7B310908-803D-49DA-B5FC-83705D8A8202}.Release|x64.ActiveCfg = Release|x64
		{7B310908-803D-49DA-B5FC-83705D8A8202}.Release|x64.Build.0 = Release|x64
		{7B310908-803D-49DA-B5FC-83705D8A8202}.Release|x86.ActiveCfg = Release|Win32
		{7B310908-803D-49DA-B5FC-83705D8A8202}.Release|x86.Build.0 = Release|Win32
	EndGlobalSection
	GlobalSection(SolutionProperties) = preSolution
		HideSolutionNode = FALSE
	EndGlobalSection
	GlobalSection(ExtensibilityGlobals) = postSolution
		SolutionGuid = {E54F120A-5FFE-47B0-8800-D8A6E359B926}
	EndGlobalSection
EndGlobal
