<?xml version="1.0" encoding="utf-8"?>
<Project ToolsVersion="4.0" xmlns="http://schemas.microsoft.com/developer/msbuild/2003">
  <ItemGroup>
    <Filter Include="Source Files">
      <UniqueIdentifier>{4FC737F1-C7A5-4376-A066-2A32D752A2FF}</UniqueIdentifier>
      <Extensions>cpp;c;cc;cxx;c++;cppm;ixx;def;odl;idl;hpj;bat;asm;asmx</Extensions>
    </Filter>
    <Filter Include="Header Files">
      <UniqueIdentifier>{93995380-89BD-4b04-88EB-625FBE52EBFB}</UniqueIdentifier>
      <Extensions>h;hh;hpp;hxx;h++;hm;inl;inc;ipp;xsd</Extensions>
    </Filter>
    <Filter Include="Resource Files">
      <UniqueIdentifier>{67DA6AB6-F800-4c08-8B7A-83BB121AAD01}</UniqueIdentifier>
      <Extensions>rc;ico;cur;bmp;dlg;rc2;rct;bin;rgs;gif;jpg;jpeg;jpe;resx;tiff;tif;png;wav;mfcribbon-ms</Extensions>
    </Filter>
  </ItemGroup>
  <ItemGroup>
    <None Include="vendor\imgui\.editorconfig" />
    <None Include="vendor\imgui\.gitattributes" />
    <None Include="vendor\imgui\.gitignore" />
    <None Include="vendor\imgui\backends\imgui_impl_metal.mm" />
    <None Include="vendor\imgui\backends\imgui_impl_osx.mm" />
    <None Include="vendor\imgui\libs\emscripten\shell_minimal.html" />
    <None Include="build_win32.bat">
      <Filter>Source Files</Filter>
    </None>
    <None Include="Makefile" />
    <None Include="Makefile.emscripten" />
    <None Include="vendor\OIS\OISPrereqs.h.in" />
  </ItemGroup>
  <ItemGroup>
    <Text Include="vendor\imgui\LICENSE.txt" />
  </ItemGroup>
  <ItemGroup>
    <ClCompile Include="main.cpp">
      <Filter>Source Files</Filter>
    </ClCompile>
    <ClCompile Include="vendor\imgui\backends\imgui_impl_dx9.cpp">
      <Filter>Source Files</Filter>
    </ClCompile>
    <ClCompile Include="vendor\imgui\backends\imgui_impl_dx10.cpp">
      <Filter>Source Files</Filter>
    </ClCompile>
    <ClCompile Include="vendor\imgui\backends\imgui_impl_dx11.cpp">
      <Filter>Source Files</Filter>
    </ClCompile>
    <ClCompile Include="vendor\imgui\backends\imgui_impl_dx12.cpp">
      <Filter>Source Files</Filter>
    </ClCompile>
    <ClCompile Include="vendor\imgui\backends\imgui_impl_glfw.cpp">
      <Filter>Source Files</Filter>
    </ClCompile>
    <ClCompile Include="vendor\imgui\backends\imgui_impl_opengl2.cpp">
      <Filter>Source Files</Filter>
    </ClCompile>
    <ClCompile Include="vendor\imgui\backends\imgui_impl_opengl3.cpp">
      <Filter>Source Files</Filter>
    </ClCompile>
    <ClCompile Include="vendor\imgui\backends\imgui_impl_win32.cpp">
      <Filter>Source Files</Filter>
    </ClCompile>
    <ClCompile Include="vendor\imgui\libs\usynergy\uSynergy.c">
      <Filter>Source Files</Filter>
    </ClCompile>
    <ClCompile Include="vendor\imgui\imgui.cpp">
      <Filter>Source Files</Filter>
    </ClCompile>
    <ClCompile Include="vendor\imgui\imgui_demo.cpp">
      <Filter>Source Files</Filter>
    </ClCompile>
    <ClCompile Include="vendor\imgui\imgui_draw.cpp">
      <Filter>Source Files</Filter>
    </ClCompile>
    <ClCompile Include="vendor\imgui\imgui_tables.cpp">
      <Filter>Source Files</Filter>
    </ClCompile>
    <ClCompile Include="vendor\imgui\imgui_widgets.cpp">
      <Filter>Source Files</Filter>
    </ClCompile>
    <ClCompile Include="vendor\example_glfw_opengl3\main.cpp">
      <Filter>Source Files</Filter>
    </ClCompile>
    <ClCompile Include="example_glfw_opengl3\main.cpp">
      <Filter>Source Files</Filter>
    </ClCompile>
    <ClCompile Include="vendor\imgui\misc\cpp\imgui_stdlib.cpp">
      <Filter>Source Files</Filter>
    </ClCompile>
    <ClCompile Include="vendor\implot\implot.cpp">
      <Filter>Source Files</Filter>
    </ClCompile>
    <ClCompile Include="vendor\implot\implot_demo.cpp">
      <Filter>Source Files</Filter>
    </ClCompile>
    <ClCompile Include="vendor\implot\implot_items.cpp">
      <Filter>Source Files</Filter>
    </ClCompile>
    <ClCompile Include="Operator.cpp">
      <Filter>Source Files</Filter>
    </ClCompile>
    <ClCompile Include="MainWin.cpp">
      <Filter>Source Files</Filter>
    </ClCompile>
    <ClCompile Include="Instrument.cpp">
      <Filter>Source Files</Filter>
    </ClCompile>
    <ClCompile Include="FourierCalc.cpp">
      <Filter>Source Files</Filter>
    </ClCompile>
    <ClCompile Include="SoundSource.cpp">
      <Filter>Source Files</Filter>
    </ClCompile>
    <ClCompile Include="Envelope.cpp">
      <Filter>Source Files</Filter>
    </ClCompile>
    <ClCompile Include="KeysInput.cpp">
      <Filter>Source Files</Filter>
    </ClCompile>
    <ClCompile Include="Cascade.cpp">
      <Filter>Source Files</Filter>
    </ClCompile>
    <ClCompile Include="LiveMixer.cpp">
      <Filter>Source Files</Filter>
    </ClCompile>
    <ClCompile Include="PaStreamer.cpp">
      <Filter>Source Files</Filter>
    </ClCompile>
    <ClCompile Include="InstBoard.cpp">
      <Filter>Source Files</Filter>
    </ClCompile>
    <ClCompile Include="CasBoard.cpp">
      <Filter>Source Files</Filter>
    </ClCompile>
    <ClCompile Include="Files.cpp">
      <Filter>Source Files</Filter>
    </ClCompile>
  </ItemGroup>
  <ItemGroup>
    <ClInclude Include="vendor\imgui\backends\imgui_impl_dx9.h">
      <Filter>Header Files</Filter>
    </ClInclude>
    <ClInclude Include="vendor\imgui\backends\imgui_impl_dx10.h">
      <Filter>Header Files</Filter>
    </ClInclude>
    <ClInclude Include="vendor\imgui\backends\imgui_impl_dx11.h">
      <Filter>Header Files</Filter>
    </ClInclude>
    <ClInclude Include="vendor\imgui\backends\imgui_impl_dx12.h">
      <Filter>Header Files</Filter>
    </ClInclude>
    <ClInclude Include="vendor\imgui\backends\imgui_impl_glfw.h">
      <Filter>Header Files</Filter>
    </ClInclude>
    <ClInclude Include="vendor\imgui\backends\imgui_impl_metal.h">
      <Filter>Header Files</Filter>
    </ClInclude>
    <ClInclude Include="vendor\imgui\backends\imgui_impl_opengl2.h">
      <Filter>Header Files</Filter>
    </ClInclude>
    <ClInclude Include="vendor\imgui\backends\imgui_impl_opengl3.h">
      <Filter>Header Files</Filter>
    </ClInclude>
    <ClInclude Include="vendor\imgui\backends\imgui_impl_opengl3_loader.h">
      <Filter>Header Files</Filter>
    </ClInclude>
    <ClInclude Include="vendor\imgui\backends\imgui_impl_osx.h">
      <Filter>Header Files</Filter>
    </ClInclude>
    <ClInclude Include="vendor\imgui\backends\imgui_impl_win32.h">
      <Filter>Header Files</Filter>
    </ClInclude>
    <ClInclude Include="vendor\imgui\libs\glfw\include\GLFW\glfw3.h">
      <Filter>Header Files</Filter>
    </ClInclude>
    <ClInclude Include="vendor\imgui\libs\glfw\include\GLFW\glfw3native.h">
      <Filter>Header Files</Filter>
    </ClInclude>
    <ClInclude Include="vendor\imgui\libs\usynergy\uSynergy.h">
      <Filter>Header Files</Filter>
    </ClInclude>
    <ClInclude Include="vendor\imgui\libs\emscripten\emscripten_mainloop_stub.h">
      <Filter>Header Files</Filter>
    </ClInclude>
    <ClInclude Include="vendor\imgui\imconfig.h">
      <Filter>Header Files</Filter>
    </ClInclude>
    <ClInclude Include="vendor\imgui\imgui.h">
      <Filter>Header Files</Filter>
    </ClInclude>
    <ClInclude Include="vendor\imgui\imgui_internal.h">
      <Filter>Header Files</Filter>
    </ClInclude>
    <ClInclude Include="vendor\imgui\imstb_rectpack.h">
      <Filter>Header Files</Filter>
    </ClInclude>
    <ClInclude Include="vendor\imgui\imstb_textedit.h">
      <Filter>Header Files</Filter>
    </ClInclude>
    <ClInclude Include="vendor\imgui\imstb_truetype.h">
      <Filter>Header Files</Filter>
    </ClInclude>
    <ClInclude Include="vendor\imgui\misc\cpp\imgui_stdlib.h">
      <Filter>Header Files</Filter>
    </ClInclude>
    <ClInclude Include="vendor\implot\implot.h">
      <Filter>Header Files</Filter>
    </ClInclude>
    <ClInclude Include="vendor\implot\implot_internal.h">
      <Filter>Header Files</Filter>
    </ClInclude>
    <ClInclude Include="Operator.h">
      <Filter>Header Files</Filter>
    </ClInclude>
    <ClInclude Include="MainWin.h">
      <Filter>Header Files</Filter>
    </ClInclude>
    <ClInclude Include="Instrument.h">
      <Filter>Header Files</Filter>
    </ClInclude>
    <ClInclude Include="FourierCalc.h">
      <Filter>Header Files</Filter>
    </ClInclude>
    <ClInclude Include="SoundSource.h">
      <Filter>Header Files</Filter>
    </ClInclude>
    <ClInclude Include="structs.h">
      <Filter>Header Files</Filter>
    </ClInclude>
    <ClInclude Include="Envelope.h">
      <Filter>Header Files</Filter>
    </ClInclude>
    <ClInclude Include="KeysInput.h">
      <Filter>Header Files</Filter>
    </ClInclude>
    <ClInclude Include="Cascade.h">
      <Filter>Header Files</Filter>
    </ClInclude>
    <ClInclude Include="LiveMixer.h">
      <Filter>Header Files</Filter>
    </ClInclude>
    <ClInclude Include="PaStreamer.h">
      <Filter>Header Files</Filter>
    </ClInclude>
    <ClInclude Include="vendor\OIS\includes\Win32ForceFeedback.h">
      <Filter>Header Files</Filter>
    </ClInclude>
    <ClInclude Include="vendor\OIS\includes\Win32InputManager.h">
      <Filter>Header Files</Filter>
    </ClInclude>
    <ClInclude Include="vendor\OIS\includes\Win32JoyStick.h">
      <Filter>Header Files</Filter>
    </ClInclude>
    <ClInclude Include="vendor\OIS\includes\Win32KeyBoard.h">
      <Filter>Header Files</Filter>
    </ClInclude>
    <ClInclude Include="vendor\OIS\includes\Win32Mouse.h">
      <Filter>Header Files</Filter>
    </ClInclude>
    <ClInclude Include="vendor\OIS\includes\Win32Prereqs.h">
      <Filter>Header Files</Filter>
    </ClInclude>
    <ClInclude Include="vendor\OIS\OIS.h">
      <Filter>Header Files</Filter>
    </ClInclude>
    <ClInclude Include="vendor\OIS\OISConfig.h">
      <Filter>Header Files</Filter>
    </ClInclude>
    <ClInclude Include="vendor\OIS\OISEffect.h">
      <Filter>Header Files</Filter>
    </ClInclude>
    <ClInclude Include="vendor\OIS\OISEvents.h">
      <Filter>Header Files</Filter>
    </ClInclude>
    <ClInclude Include="vendor\OIS\OISException.h">
      <Filter>Header Files</Filter>
    </ClInclude>
    <ClInclude Include="vendor\OIS\OISFactoryCreator.h">
      <Filter>Header Files</Filter>
    </ClInclude>
    <ClInclude Include="vendor\OIS\OISForceFeedback.h">
      <Filter>Header Files</Filter>
    </ClInclude>
    <ClInclude Include="vendor\OIS\OISInputManager.h">
      <Filter>Header Files</Filter>
    </ClInclude>
    <ClInclude Include="vendor\OIS\OISInterface.h">
      <Filter>Header Files</Filter>
    </ClInclude>
    <ClInclude Include="vendor\OIS\OISJoyStick.h">
      <Filter>Header Files</Filter>
    </ClInclude>
    <ClInclude Include="vendor\OIS\OISKeyboard.h">
      <Filter>Header Files</Filter>
    </ClInclude>
    <ClInclude Include="vendor\OIS\OISMouse.h">
      <Filter>Header Files</Filter>
    </ClInclude>
    <ClInclude Include="vendor\OIS\OISMultiTouch.h">
      <Filter>Header Files</Filter>
    </ClInclude>
    <ClInclude Include="vendor\OIS\OISObject.h">
      <Filter>Header Files</Filter>
    </ClInclude>
    <ClInclude Include="InstBoard.h">
      <Filter>Header Files</Filter>
    </ClInclude>
    <ClInclude Include="CasBoard.h">
      <Filter>Header Files</Filter>
    </ClInclude>
    <ClInclude Include="Files.h">
      <Filter>Header Files</Filter>
    </ClInclude>
    <ClInclude Include="resource.h">
      <Filter>Header Files</Filter>
    </ClInclude>
  </ItemGroup>
  <ItemGroup>
    <Library Include="vendor\imgui\libs\glfw\lib-vc2010-32\glfw3.lib" />
    <Library Include="vendor\imgui\libs\glfw\lib-vc2010-64\glfw3.lib" />
  </ItemGroup>
  <ItemGroup>
    <ResourceCompile Include="Vered.rc">
      <Filter>Resource Files</Filter>
    </ResourceCompile>
  </ItemGroup>
  <ItemGroup>
    <Image Include="..\..\..\..\Downloads\veredicon.ico">
      <Filter>Resource Files</Filter>
    </Image>
  </ItemGroup>
</Project>